
Microsoft Visual Studio Solution File, Format Version 12.00
# Visual Studio Version 17
VisualStudioVersion = 17.2.32427.441
MinimumVisualStudioVersion = 10.0.40219.1
Project("{9A19103F-16F7-4668-BE54-9A1E7A4F7556}") = "Devity.Extensions", "Devity.Extensions\Devity.Extensions.csproj", "{3600384C-306F-4FC2-8E80-7A271F9C4D06}"
EndProject
Project("{9A19103F-16F7-4668-BE54-9A1E7A4F7556}") = "Devity.Blazor", "Devity.Blazor\Devity.Blazor.csproj", "{259C0973-EC16-41B8-833F-312674EC620D}"
EndProject
Project("{9A19103F-16F7-4668-BE54-9A1E7A4F7556}") = "Devity.Tests", "Devity.Tests\Devity.Tests.csproj", "{EB920986-6BA3-48C0-B556-B2168B638E2B}"
EndProject
Project("{FAE04EC0-301F-11D3-BF4B-00C04F79EFBC}") = "Devity.Mailing", "Devity.Mailing\Devity.Mailing.csproj", "{573237EC-2AD6-4E1B-AEF5-283DF2AB49A9}"
EndProject
Global
	GlobalSection(SolutionConfigurationPlatforms) = preSolution
		Debug|Any CPU = Debug|Any CPU
		Release|Any CPU = Release|Any CPU
	EndGlobalSection
	GlobalSection(ProjectConfigurationPlatforms) = postSolution
		{3600384C-306F-4FC2-8E80-7A271F9C4D06}.Debug|Any CPU.ActiveCfg = Debug|Any CPU
		{3600384C-306F-4FC2-8E80-7A271F9C4D06}.Debug|Any CPU.Build.0 = Debug|Any CPU
		{3600384C-306F-4FC2-8E80-7A271F9C4D06}.Release|Any CPU.ActiveCfg = Release|Any CPU
		{3600384C-306F-4FC2-8E80-7A271F9C4D06}.Release|Any CPU.Build.0 = Release|Any CPU
		{259C0973-EC16-41B8-833F-312674EC620D}.Debug|Any CPU.ActiveCfg = Debug|Any CPU
		{259C0973-EC16-41B8-833F-312674EC620D}.Debug|Any CPU.Build.0 = Debug|Any CPU
		{259C0973-EC16-41B8-833F-312674EC620D}.Release|Any CPU.ActiveCfg = Release|Any CPU
		{259C0973-EC16-41B8-833F-312674EC620D}.Release|Any CPU.Build.0 = Release|Any CPU
		{EB920986-6BA3-48C0-B556-B2168B638E2B}.Debug|Any CPU.ActiveCfg = Debug|Any CPU
		{EB920986-6BA3-48C0-B556-B2168B638E2B}.Debug|Any CPU.Build.0 = Debug|Any CPU
		{EB920986-6BA3-48C0-B556-B2168B638E2B}.Release|Any CPU.ActiveCfg = Release|Any CPU
		{EB920986-6BA3-48C0-B556-B2168B638E2B}.Release|Any CPU.Build.0 = Release|Any CPU
		{573237EC-2AD6-4E1B-AEF5-283DF2AB49A9}.Debug|Any CPU.ActiveCfg = Debug|Any CPU
		{573237EC-2AD6-4E1B-AEF5-283DF2AB49A9}.Debug|Any CPU.Build.0 = Debug|Any CPU
		{573237EC-2AD6-4E1B-AEF5-283DF2AB49A9}.Release|Any CPU.ActiveCfg = Release|Any CPU
		{573237EC-2AD6-4E1B-AEF5-283DF2AB49A9}.Release|Any CPU.Build.0 = Release|Any CPU
	EndGlobalSection
	GlobalSection(SolutionProperties) = preSolution
		HideSolutionNode = FALSE
	EndGlobalSection
	GlobalSection(ExtensibilityGlobals) = postSolution
		SolutionGuid = {0238C890-2309-4346-AC45-34B1868F1992}
	EndGlobalSection
EndGlobal
