
Microsoft Visual Studio Solution File, Format Version 12.00
# Visual Studio Version 17
VisualStudioVersion = 17.2.32427.441
MinimumVisualStudioVersion = 10.0.40219.1
Project("{FAE04EC0-301F-11D3-BF4B-00C04F79EFBC}") = "Devity.Extensions", "Devity.Extensions\Devity.Extensions.csproj", "{3600384C-306F-4FC2-8E80-7A271F9C4D06}"
EndProject
Global
	GlobalSection(SolutionConfigurationPlatforms) = preSolution
		Debug|Any CPU = Debug|Any CPU
		Release|Any CPU = Release|Any CPU
	EndGlobalSection
	GlobalSection(ProjectConfigurationPlatforms) = postSolution
		{3600384C-306F-4FC2-8E80-7A271F9C4D06}.Debug|Any CPU.ActiveCfg = Debug|Any CPU
		{3600384C-306F-4FC2-8E80-7A271F9C4D06}.Debug|Any CPU.Build.0 = Debug|Any CPU
		{3600384C-306F-4FC2-8E80-7A271F9C4D06}.Release|Any CPU.ActiveCfg = Release|Any CPU
		{3600384C-306F-4FC2-8E80-7A271F9C4D06}.Release|Any CPU.Build.0 = Release|Any CPU
	EndGlobalSection
	GlobalSection(SolutionProperties) = preSolution
		HideSolutionNode = FALSE
	EndGlobalSection
	GlobalSection(ExtensibilityGlobals) = postSolution
		SolutionGuid = {0238C890-2309-4346-AC45-34B1868F1992}
	EndGlobalSection
EndGlobal
